
Microsoft Visual Studio Solution File, Format Version 12.00
# Visual Studio 15
VisualStudioVersion = 15.0.27428.2043
MinimumVisualStudioVersion = 10.0.40219.1
Project("{FAE04EC0-301F-11D3-BF4B-00C04F79EFBC}") = "BowlingReportSystem", "BowlingReportSystem\BowlingReportSystem.csproj", "{758D37ED-D580-4444-BCA6-9CB46DFF77A6}"
EndProject
Project("{FAE04EC0-301F-11D3-BF4B-00C04F79EFBC}") = "BowlingReportSystemTests", "BowlingReportSystemTests\BowlingReportSystemTests.csproj", "{B6145C95-1A77-4474-B113-00A51D02E5E5}"
EndProject
Global
	GlobalSection(SolutionConfigurationPlatforms) = preSolution
		Debug|Any CPU = Debug|Any CPU
		Release|Any CPU = Release|Any CPU
	EndGlobalSection
	GlobalSection(ProjectConfigurationPlatforms) = postSolution
		{758D37ED-D580-4444-BCA6-9CB46DFF77A6}.Debug|Any CPU.ActiveCfg = Debug|Any CPU
		{758D37ED-D580-4444-BCA6-9CB46DFF77A6}.Debug|Any CPU.Build.0 = Debug|Any CPU
		{758D37ED-D580-4444-BCA6-9CB46DFF77A6}.Release|Any CPU.ActiveCfg = Release|Any CPU
		{758D37ED-D580-4444-BCA6-9CB46DFF77A6}.Release|Any CPU.Build.0 = Release|Any CPU
		{B6145C95-1A77-4474-B113-00A51D02E5E5}.Debug|Any CPU.ActiveCfg = Debug|Any CPU
		{B6145C95-1A77-4474-B113-00A51D02E5E5}.Debug|Any CPU.Build.0 = Debug|Any CPU
		{B6145C95-1A77-4474-B113-00A51D02E5E5}.Release|Any CPU.ActiveCfg = Release|Any CPU
		{B6145C95-1A77-4474-B113-00A51D02E5E5}.Release|Any CPU.Build.0 = Release|Any CPU
	EndGlobalSection
	GlobalSection(SolutionProperties) = preSolution
		HideSolutionNode = FALSE
	EndGlobalSection
	GlobalSection(ExtensibilityGlobals) = postSolution
		SolutionGuid = {1B87F6D6-4F72-46BA-86EE-868F85C146DF}
	EndGlobalSection
EndGlobal
